{
    "_meta": {
        "hash": {
            "sha256": "b5cdd8b20de41fcec9e89c6f252fd4218f9f1dc8524351dc6c3868d4f45d57f5"
        },
        "pipfile-spec": 6,
        "requires": {
            "python_version": "3.9"
        },
        "sources": [
            {
                "name": "pypi",
                "url": "https://pypi.python.org/simple",
                "verify_ssl": true
            }
        ]
    },
    "default": {
        "colorzero": {
            "hashes": [
                "sha256:0e60d743a6b8071498a56465f7719c96a5e92928f858bab1be2a0d606c9aa0f8",
                "sha256:e7d5a5c26cd0dc37b164ebefc609f388de24f8593b659191e12d85f8f9d5eb58"
            ],
            "version": "==2.0"
        },
        "gpiozero": {
            "hashes": [
                "sha256:8f621de357171d574c0b7ea0e358cb66e560818a47b0eeedf41ce1cdbd20c70b",
                "sha256:d4ea1952689ec7e331f9d4ebc9adb15f1d01c2c9dcfabb72e752c9869ab7e97e"
            ],
            "index": "pypi",
            "version": "==2.0.1"
        },
        "importlib-metadata": {
            "hashes": [
                "sha256:8a8a81bcf996e74fee46f0d16bd3eaa382a7eb20fd82445c3ad11f4090334116",
                "sha256:dd0173e8f150d6815e098fd354f6414b0f079af4644ddfe90c71e2fc6174346d"
            ],
            "markers": "python_version < '3.10'",
            "version": "==4.13.0"
        },
        "importlib-resources": {
            "hashes": [
                "sha256:82d5c6cca930697dbbd86c93333bb2c2e72861d4789a11c2662b933e5ad2b528",
                "sha256:9f7bd0c97b79972a6cce36a366356d16d5e13b09679c11a58f1014bfdf8e64b2"
            ],
            "markers": "python_version < '3.10'",
            "version": "==5.13.0"
        },
        "zipp": {
            "hashes": [
                "sha256:0145e43d89664cfe1a2e533adc75adafed82fe2da404b4bbb6b026c0157bdb31",
                "sha256:58da6168be89f0be59beb194da1250516fdaa062ccebd30127ac65d30045e10d"
            ],
            "markers": "python_version < '3.10'",
            "version": "==3.20.0"
        }
    },
    "develop": {}
}
